
Microsoft Visual Studio Solution File, Format Version 12.00
# Visual Studio Version 16
VisualStudioVersion = 25.0.1704.2
MinimumVisualStudioVersion = 10.0.40219.1
Project("{FAE04EC0-301F-11D3-BF4B-00C04F79EFBC}") = "CoderBash.Net.Vies", "CoderBash.Net.Vies\CoderBash.Net.Vies.csproj", "{EA575BFB-AB49-4FFA-BAA0-380E1BA6CAB1}"
EndProject
Project("{FAE04EC0-301F-11D3-BF4B-00C04F79EFBC}") = "CoderBash.Net.Vies.Tests", "CoderBash.Net.Vies.Tests\CoderBash.Net.Vies.Tests.csproj", "{D1F887B9-563B-4675-A73B-87618EA7C20C}"
EndProject
Project("{FAE04EC0-301F-11D3-BF4B-00C04F79EFBC}") = "CoderBash.Net.Vies.BlazorUI", "CoderBash.Net.Vies.BlazorUI\CoderBash.Net.Vies.BlazorUI.csproj", "{96BD7FC9-DB7F-4A4A-B7FF-430CFE5F72F3}"
EndProject
Global
	GlobalSection(SolutionConfigurationPlatforms) = preSolution
		Debug|Any CPU = Debug|Any CPU
		Release|Any CPU = Release|Any CPU
	EndGlobalSection
	GlobalSection(ProjectConfigurationPlatforms) = postSolution
		{EA575BFB-AB49-4FFA-BAA0-380E1BA6CAB1}.Debug|Any CPU.ActiveCfg = Debug|Any CPU
		{EA575BFB-AB49-4FFA-BAA0-380E1BA6CAB1}.Debug|Any CPU.Build.0 = Debug|Any CPU
		{EA575BFB-AB49-4FFA-BAA0-380E1BA6CAB1}.Release|Any CPU.ActiveCfg = Release|Any CPU
		{EA575BFB-AB49-4FFA-BAA0-380E1BA6CAB1}.Release|Any CPU.Build.0 = Release|Any CPU
		{D1F887B9-563B-4675-A73B-87618EA7C20C}.Debug|Any CPU.ActiveCfg = Debug|Any CPU
		{D1F887B9-563B-4675-A73B-87618EA7C20C}.Debug|Any CPU.Build.0 = Debug|Any CPU
		{D1F887B9-563B-4675-A73B-87618EA7C20C}.Release|Any CPU.ActiveCfg = Release|Any CPU
		{D1F887B9-563B-4675-A73B-87618EA7C20C}.Release|Any CPU.Build.0 = Release|Any CPU
		{96BD7FC9-DB7F-4A4A-B7FF-430CFE5F72F3}.Debug|Any CPU.ActiveCfg = Debug|Any CPU
		{96BD7FC9-DB7F-4A4A-B7FF-430CFE5F72F3}.Debug|Any CPU.Build.0 = Debug|Any CPU
		{96BD7FC9-DB7F-4A4A-B7FF-430CFE5F72F3}.Release|Any CPU.ActiveCfg = Release|Any CPU
		{96BD7FC9-DB7F-4A4A-B7FF-430CFE5F72F3}.Release|Any CPU.Build.0 = Release|Any CPU
	EndGlobalSection
	GlobalSection(SolutionProperties) = preSolution
		HideSolutionNode = FALSE
	EndGlobalSection
	GlobalSection(ExtensibilityGlobals) = postSolution
		SolutionGuid = {06CCF21E-04DF-43D9-AA86-13BE23C93C9B}
	EndGlobalSection
EndGlobal
